
Microsoft Visual Studio Solution File, Format Version 12.00
# Visual Studio Version 17
VisualStudioVersion = 17.9.34723.18
MinimumVisualStudioVersion = 10.0.40219.1
Project("{9A19103F-16F7-4668-BE54-9A1E7A4F7556}") = "Arkantos", "Arkantos.csproj", "{4AFEB85D-4CBF-4013-A687-9053C189E44A}"
EndProject
Global
	GlobalSection(SolutionConfigurationPlatforms) = preSolution
		Debug|Any CPU = Debug|Any CPU
		Release|Any CPU = Release|Any CPU
	EndGlobalSection
	GlobalSection(ProjectConfigurationPlatforms) = postSolution
		{4AFEB85D-4CBF-4013-A687-9053C189E44A}.Debug|Any CPU.ActiveCfg = Debug|Any CPU
		{4AFEB85D-4CBF-4013-A687-9053C189E44A}.Debug|Any CPU.Build.0 = Debug|Any CPU
		{4AFEB85D-4CBF-4013-A687-9053C189E44A}.Release|Any CPU.ActiveCfg = Release|Any CPU
		{4AFEB85D-4CBF-4013-A687-9053C189E44A}.Release|Any CPU.Build.0 = Release|Any CPU
	EndGlobalSection
	GlobalSection(SolutionProperties) = preSolution
		HideSolutionNode = FALSE
	EndGlobalSection
	GlobalSection(ExtensibilityGlobals) = postSolution
		SolutionGuid = {AD9B022D-B231-49FD-95A7-88F0014F62DC}
	EndGlobalSection
EndGlobal
